
Microsoft Visual Studio Solution File, Format Version 12.00
# Visual Studio Version 17
VisualStudioVersion = 17.13.35825.156
MinimumVisualStudioVersion = 10.0.40219.1
Project("{FAE04EC0-301F-11D3-BF4B-00C04F79EFBC}") = "lab0", "lab0.csproj", "{0BBA5018-DC57-463F-A330-D0AD6F4155E5}"
EndProject
Global
	GlobalSection(SolutionConfigurationPlatforms) = preSolution
		Debug|Any CPU = Debug|Any CPU
		Release|Any CPU = Release|Any CPU
	EndGlobalSection
	GlobalSection(ProjectConfigurationPlatforms) = postSolution
		{0BBA5018-DC57-463F-A330-D0AD6F4155E5}.Debug|Any CPU.ActiveCfg = Debug|Any CPU
		{0BBA5018-DC57-463F-A330-D0AD6F4155E5}.Debug|Any CPU.Build.0 = Debug|Any CPU
		{0BBA5018-DC57-463F-A330-D0AD6F4155E5}.Release|Any CPU.ActiveCfg = Release|Any CPU
		{0BBA5018-DC57-463F-A330-D0AD6F4155E5}.Release|Any CPU.Build.0 = Release|Any CPU
	EndGlobalSection
	GlobalSection(SolutionProperties) = preSolution
		HideSolutionNode = FALSE
	EndGlobalSection
	GlobalSection(ExtensibilityGlobals) = postSolution
		SolutionGuid = {F089E082-FA04-4314-AA85-F5761028C93C}
	EndGlobalSection
EndGlobal
